
Microsoft Visual Studio Solution File, Format Version 12.00
# Visual Studio 14
VisualStudioVersion = 14.0.25123.0
MinimumVisualStudioVersion = 10.0.40219.1
Project("{FAE04EC0-301F-11D3-BF4B-00C04F79EFBC}") = "Dateiverwaltung", "Dateiverwaltung\Dateiverwaltung.csproj", "{B4483C91-2E0B-45B8-84D6-B8BA2EDB768F}"
EndProject
Global
	GlobalSection(SolutionConfigurationPlatforms) = preSolution
		Debug|Any CPU = Debug|Any CPU
		Release|Any CPU = Release|Any CPU
	EndGlobalSection
	GlobalSection(ProjectConfigurationPlatforms) = postSolution
		{B4483C91-2E0B-45B8-84D6-B8BA2EDB768F}.Debug|Any CPU.ActiveCfg = Debug|Any CPU
		{B4483C91-2E0B-45B8-84D6-B8BA2EDB768F}.Debug|Any CPU.Build.0 = Debug|Any CPU
		{B4483C91-2E0B-45B8-84D6-B8BA2EDB768F}.Release|Any CPU.ActiveCfg = Release|Any CPU
		{B4483C91-2E0B-45B8-84D6-B8BA2EDB768F}.Release|Any CPU.Build.0 = Release|Any CPU
	EndGlobalSection
	GlobalSection(SolutionProperties) = preSolution
		HideSolutionNode = FALSE
	EndGlobalSection
EndGlobal
